{
  "name": "staple_themes_two",
  "requires": true,
  "lockfileVersion": 1,
  "dependencies": {
    "card": {
      "version": "2.4.0",
      "resolved": "https://registry.npmjs.org/card/-/card-2.4.0.tgz",
      "integrity": "sha1-fBATHFROZ9q/3oJgizDdClOLEvo=",
      "requires": {
        "node.extend": "1.1.6",
        "payment": "2.3.0",
        "qj": "2.0.0"
      }
    },
    "codemirror": {
      "version": "5.33.0",
      "resolved": "https://registry.npmjs.org/codemirror/-/codemirror-5.33.0.tgz",
      "integrity": "sha512-HT6PKVqkwpzwB3jl5hXFoQteEWXbSWMzG3Z8RVYlx8hZwCOLCy4NU7vkSB3dYX3e6ORwRfGw4uFOXaw4rn/a9Q=="
    },
    "codemirror-spell-checker": {
      "version": "1.1.2",
      "resolved": "https://registry.npmjs.org/codemirror-spell-checker/-/codemirror-spell-checker-1.1.2.tgz",
      "integrity": "sha1-HGYPkIlIPMtRE7m6nKGcP0mTNx4=",
      "requires": {
        "typo-js": "1.0.3"
      }
    },
    "is": {
      "version": "3.2.1",
      "resolved": "https://registry.npmjs.org/is/-/is-3.2.1.tgz",
      "integrity": "sha1-0Kwq1V63sL7JJqUmb2xmKqqD3KU="
    },
    "marked": {
      "version": "0.3.9",
      "resolved": "https://registry.npmjs.org/marked/-/marked-0.3.9.tgz",
      "integrity": "sha512-nW5u0dxpXxHfkHzzrveY45gCbi+R4PaO4WRZYqZNl+vB0hVGeqlFn0aOg1c8AKL63TrNFn9Bm2UP4AdiZ9TPLw=="
    },
    "node.extend": {
      "version": "1.1.6",
      "resolved": "https://registry.npmjs.org/node.extend/-/node.extend-1.1.6.tgz",
      "integrity": "sha1-p7iCyC1sk6SGOlUEvV3o7IYli5Y=",
      "requires": {
        "is": "3.2.1"
      }
    },
    "payment": {
      "version": "2.3.0",
      "resolved": "https://registry.npmjs.org/payment/-/payment-2.3.0.tgz",
      "integrity": "sha1-sqlenDBSRZZH2jkmuLZsVT2TCY8=",
      "requires": {
        "qj": "2.0.0"
      }
    },
    "qj": {
      "version": "2.0.0",
      "resolved": "https://registry.npmjs.org/qj/-/qj-2.0.0.tgz",
      "integrity": "sha1-BU3Tt1zgGHKNI6BgXwMN/aC9FYo="
    },
    "simplemde": {
      "version": "1.11.2",
      "resolved": "https://registry.npmjs.org/simplemde/-/simplemde-1.11.2.tgz",
      "integrity": "sha1-ojo12XjSxA7wfewAjJLwcNjggOM=",
      "requires": {
        "codemirror": "5.33.0",
        "codemirror-spell-checker": "1.1.2",
        "marked": "0.3.9"
      }
    },
    "typo-js": {
      "version": "1.0.3",
      "resolved": "https://registry.npmjs.org/typo-js/-/typo-js-1.0.3.tgz",
      "integrity": "sha1-VNjrx5SfGngQkItgAsaEFSbJnVo="
    }
  }
}
